// !$*UTF8*$!
{
	archiveVersion = 1;
	classes = {
	};
	objectVersion = 56;
	objects = {

/* Begin PBXBuildFile section */
		4325580429247F1700BD7123 /* Cache.xcdatamodeld in Sources */ = {isa = PBXBuildFile; fileRef = 4325580229247F1700BD7123 /* Cache.xcdatamodeld */; };
		4325580F29248B8500BD7123 /* DataController.swift in Sources */ = {isa = PBXBuildFile; fileRef = 4325580E29248B8500BD7123 /* DataController.swift */; };
		4325581829248E1400BD7123 /* CachedFriend+CoreDataClass.swift in Sources */ = {isa = PBXBuildFile; fileRef = 4325581429248E1400BD7123 /* CachedFriend+CoreDataClass.swift */; };
		4325581929248E1400BD7123 /* CachedFriend+CoreDataProperties.swift in Sources */ = {isa = PBXBuildFile; fileRef = 4325581529248E1400BD7123 /* CachedFriend+CoreDataProperties.swift */; };
		4325581A29248E1400BD7123 /* CachedUser+CoreDataClass.swift in Sources */ = {isa = PBXBuildFile; fileRef = 4325581629248E1400BD7123 /* CachedUser+CoreDataClass.swift */; };
		4325581B29248E1400BD7123 /* CachedUser+CoreDataProperties.swift in Sources */ = {isa = PBXBuildFile; fileRef = 4325581729248E1400BD7123 /* CachedUser+CoreDataProperties.swift */; };
		4325581D292495FE00BD7123 /* AppDelegate.swift in Sources */ = {isa = PBXBuildFile; fileRef = 4325581C292495FE00BD7123 /* AppDelegate.swift */; };
		4325581F2924990000BD7123 /* CachedUser+Wrapped.swift in Sources */ = {isa = PBXBuildFile; fileRef = 4325581E2924990000BD7123 /* CachedUser+Wrapped.swift */; };
		4325582129249C8E00BD7123 /* CachedFried+Wrapped.swift in Sources */ = {isa = PBXBuildFile; fileRef = 4325582029249C8E00BD7123 /* CachedFried+Wrapped.swift */; };
		43B4B5B82920660400E827E3 /* FiendFaceApp.swift in Sources */ = {isa = PBXBuildFile; fileRef = 43B4B5B72920660400E827E3 /* FiendFaceApp.swift */; };
		43B4B5BA2920660400E827E3 /* ContentView.swift in Sources */ = {isa = PBXBuildFile; fileRef = 43B4B5B92920660400E827E3 /* ContentView.swift */; };
		43B4B5BC2920660500E827E3 /* Assets.xcassets in Resources */ = {isa = PBXBuildFile; fileRef = 43B4B5BB2920660500E827E3 /* Assets.xcassets */; };
		43B4B5BF2920660500E827E3 /* Preview Assets.xcassets in Resources */ = {isa = PBXBuildFile; fileRef = 43B4B5BE2920660500E827E3 /* Preview Assets.xcassets */; };
		43B4B5C6292066B000E827E3 /* User.swift in Sources */ = {isa = PBXBuildFile; fileRef = 43B4B5C5292066B000E827E3 /* User.swift */; };
		43B4B5C829206F5600E827E3 /* UserDetails.swift in Sources */ = {isa = PBXBuildFile; fileRef = 43B4B5C729206F5600E827E3 /* UserDetails.swift */; };
		43B4B5CA292080DF00E827E3 /* Friend.swift in Sources */ = {isa = PBXBuildFile; fileRef = 43B4B5C9292080DF00E827E3 /* Friend.swift */; };
/* End PBXBuildFile section */

/* Begin PBXFileReference section */
		4325580329247F1700BD7123 /* Model.xcdatamodel */ = {isa = PBXFileReference; lastKnownFileType = wrapper.xcdatamodel; path = Model.xcdatamodel; sourceTree = "<group>"; };
		4325580E29248B8500BD7123 /* DataController.swift */ = {isa = PBXFileReference; lastKnownFileType = sourcecode.swift; path = DataController.swift; sourceTree = "<group>"; };
		4325581429248E1400BD7123 /* CachedFriend+CoreDataClass.swift */ = {isa = PBXFileReference; lastKnownFileType = sourcecode.swift; path = "CachedFriend+CoreDataClass.swift"; sourceTree = "<group>"; };
		4325581529248E1400BD7123 /* CachedFriend+CoreDataProperties.swift */ = {isa = PBXFileReference; lastKnownFileType = sourcecode.swift; path = "CachedFriend+CoreDataProperties.swift"; sourceTree = "<group>"; };
		4325581629248E1400BD7123 /* CachedUser+CoreDataClass.swift */ = {isa = PBXFileReference; lastKnownFileType = sourcecode.swift; path = "CachedUser+CoreDataClass.swift"; sourceTree = "<group>"; };
		4325581729248E1400BD7123 /* CachedUser+CoreDataProperties.swift */ = {isa = PBXFileReference; lastKnownFileType = sourcecode.swift; path = "CachedUser+CoreDataProperties.swift"; sourceTree = "<group>"; };
		4325581C292495FE00BD7123 /* AppDelegate.swift */ = {isa = PBXFileReference; lastKnownFileType = sourcecode.swift; path = AppDelegate.swift; sourceTree = "<group>"; };
		4325581E2924990000BD7123 /* CachedUser+Wrapped.swift */ = {isa = PBXFileReference; lastKnownFileType = sourcecode.swift; path = "CachedUser+Wrapped.swift"; sourceTree = "<group>"; };
		4325582029249C8E00BD7123 /* CachedFried+Wrapped.swift */ = {isa = PBXFileReference; lastKnownFileType = sourcecode.swift; path = "CachedFried+Wrapped.swift"; sourceTree = "<group>"; };
		43B4B5B42920660400E827E3 /* FiendFace.app */ = {isa = PBXFileReference; explicitFileType = wrapper.application; includeInIndex = 0; path = FiendFace.app; sourceTree = BUILT_PRODUCTS_DIR; };
		43B4B5B72920660400E827E3 /* FiendFaceApp.swift */ = {isa = PBXFileReference; lastKnownFileType = sourcecode.swift; path = FiendFaceApp.swift; sourceTree = "<group>"; };
		43B4B5B92920660400E827E3 /* ContentView.swift */ = {isa = PBXFileReference; lastKnownFileType = sourcecode.swift; path = ContentView.swift; sourceTree = "<group>"; };
		43B4B5BB2920660500E827E3 /* Assets.xcassets */ = {isa = PBXFileReference; lastKnownFileType = folder.assetcatalog; path = Assets.xcassets; sourceTree = "<group>"; };
		43B4B5BE2920660500E827E3 /* Preview Assets.xcassets */ = {isa = PBXFileReference; lastKnownFileType = folder.assetcatalog; path = "Preview Assets.xcassets"; sourceTree = "<group>"; };
		43B4B5C5292066B000E827E3 /* User.swift */ = {isa = PBXFileReference; lastKnownFileType = sourcecode.swift; path = User.swift; sourceTree = "<group>"; };
		43B4B5C729206F5600E827E3 /* UserDetails.swift */ = {isa = PBXFileReference; lastKnownFileType = sourcecode.swift; path = UserDetails.swift; sourceTree = "<group>"; };
		43B4B5C9292080DF00E827E3 /* Friend.swift */ = {isa = PBXFileReference; lastKnownFileType = sourcecode.swift; path = Friend.swift; sourceTree = "<group>"; };
/* End PBXFileReference section */

/* Begin PBXFrameworksBuildPhase section */
		43B4B5B12920660400E827E3 /* Frameworks */ = {
			isa = PBXFrameworksBuildPhase;
			buildActionMask = 2147483647;
			files = (
			);
			runOnlyForDeploymentPostprocessing = 0;
		};
/* End PBXFrameworksBuildPhase section */

/* Begin PBXGroup section */
		4325580D292480F300BD7123 /* Models */ = {
			isa = PBXGroup;
			children = (
				4325581429248E1400BD7123 /* CachedFriend+CoreDataClass.swift */,
				4325581529248E1400BD7123 /* CachedFriend+CoreDataProperties.swift */,
				4325581629248E1400BD7123 /* CachedUser+CoreDataClass.swift */,
				4325581E2924990000BD7123 /* CachedUser+Wrapped.swift */,
				4325582029249C8E00BD7123 /* CachedFried+Wrapped.swift */,
				4325581729248E1400BD7123 /* CachedUser+CoreDataProperties.swift */,
			);
			path = Models;
			sourceTree = "<group>";
		};
		43B4B5AB2920660400E827E3 = {
			isa = PBXGroup;
			children = (
				43B4B5B62920660400E827E3 /* FiendFace */,
				43B4B5B52920660400E827E3 /* Products */,
			);
			sourceTree = "<group>";
		};
		43B4B5B52920660400E827E3 /* Products */ = {
			isa = PBXGroup;
			children = (
				43B4B5B42920660400E827E3 /* FiendFace.app */,
			);
			name = Products;
			sourceTree = "<group>";
		};
		43B4B5B62920660400E827E3 /* FiendFace */ = {
			isa = PBXGroup;
			children = (
				4325580D292480F300BD7123 /* Models */,
				4325580229247F1700BD7123 /* Cache.xcdatamodeld */,
				43B4B5B72920660400E827E3 /* FiendFaceApp.swift */,
				4325581C292495FE00BD7123 /* AppDelegate.swift */,
				43B4B5B92920660400E827E3 /* ContentView.swift */,
				43B4B5C729206F5600E827E3 /* UserDetails.swift */,
				43B4B5C5292066B000E827E3 /* User.swift */,
				43B4B5C9292080DF00E827E3 /* Friend.swift */,
				43B4B5BB2920660500E827E3 /* Assets.xcassets */,
				4325580E29248B8500BD7123 /* DataController.swift */,
				43B4B5BD2920660500E827E3 /* Preview Content */,
			);
			path = FiendFace;
			sourceTree = "<group>";
		};
		43B4B5BD2920660500E827E3 /* Preview Content */ = {
			isa = PBXGroup;
			children = (
				43B4B5BE2920660500E827E3 /* Preview Assets.xcassets */,
			);
			path = "Preview Content";
			sourceTree = "<group>";
		};
/* End PBXGroup section */

/* Begin PBXNativeTarget section */
		43B4B5B32920660400E827E3 /* FiendFace */ = {
			isa = PBXNativeTarget;
			buildConfigurationList = 43B4B5C22920660500E827E3 /* Build configuration list for PBXNativeTarget "FiendFace" */;
			buildPhases = (
				43B4B5B02920660400E827E3 /* Sources */,
				43B4B5B12920660400E827E3 /* Frameworks */,
				43B4B5B22920660400E827E3 /* Resources */,
			);
			buildRules = (
			);
			dependencies = (
			);
			name = FiendFace;
			productName = FiendFace;
			productReference = 43B4B5B42920660400E827E3 /* FiendFace.app */;
			productType = "com.apple.product-type.application";
		};
/* End PBXNativeTarget section */

/* Begin PBXProject section */
		43B4B5AC2920660400E827E3 /* Project object */ = {
			isa = PBXProject;
			attributes = {
				BuildIndependentTargetsInParallel = 1;
				LastSwiftUpdateCheck = 1410;
				LastUpgradeCheck = 1410;
				TargetAttributes = {
					43B4B5B32920660400E827E3 = {
						CreatedOnToolsVersion = 14.1;
					};
				};
			};
			buildConfigurationList = 43B4B5AF2920660400E827E3 /* Build configuration list for PBXProject "FiendFace" */;
			compatibilityVersion = "Xcode 14.0";
			developmentRegion = en;
			hasScannedForEncodings = 0;
			knownRegions = (
				en,
				Base,
			);
			mainGroup = 43B4B5AB2920660400E827E3;
			productRefGroup = 43B4B5B52920660400E827E3 /* Products */;
			projectDirPath = "";
			projectRoot = "";
			targets = (
				43B4B5B32920660400E827E3 /* FiendFace */,
			);
		};
/* End PBXProject section */

/* Begin PBXResourcesBuildPhase section */
		43B4B5B22920660400E827E3 /* Resources */ = {
			isa = PBXResourcesBuildPhase;
			buildActionMask = 2147483647;
			files = (
				43B4B5BF2920660500E827E3 /* Preview Assets.xcassets in Resources */,
				43B4B5BC2920660500E827E3 /* Assets.xcassets in Resources */,
			);
			runOnlyForDeploymentPostprocessing = 0;
		};
/* End PBXResourcesBuildPhase section */

/* Begin PBXSourcesBuildPhase section */
		43B4B5B02920660400E827E3 /* Sources */ = {
			isa = PBXSourcesBuildPhase;
			buildActionMask = 2147483647;
			files = (
				4325581D292495FE00BD7123 /* AppDelegate.swift in Sources */,
				43B4B5C6292066B000E827E3 /* User.swift in Sources */,
				4325582129249C8E00BD7123 /* CachedFried+Wrapped.swift in Sources */,
				4325581929248E1400BD7123 /* CachedFriend+CoreDataProperties.swift in Sources */,
				4325581B29248E1400BD7123 /* CachedUser+CoreDataProperties.swift in Sources */,
				43B4B5C829206F5600E827E3 /* UserDetails.swift in Sources */,
				4325581F2924990000BD7123 /* CachedUser+Wrapped.swift in Sources */,
				4325580F29248B8500BD7123 /* DataController.swift in Sources */,
				43B4B5CA292080DF00E827E3 /* Friend.swift in Sources */,
				43B4B5BA2920660400E827E3 /* ContentView.swift in Sources */,
				4325581A29248E1400BD7123 /* CachedUser+CoreDataClass.swift in Sources */,
				43B4B5B82920660400E827E3 /* FiendFaceApp.swift in Sources */,
				4325581829248E1400BD7123 /* CachedFriend+CoreDataClass.swift in Sources */,
				4325580429247F1700BD7123 /* Cache.xcdatamodeld in Sources */,
			);
			runOnlyForDeploymentPostprocessing = 0;
		};
/* End PBXSourcesBuildPhase section */

/* Begin XCBuildConfiguration section */
		43B4B5C02920660500E827E3 /* Debug */ = {
			isa = XCBuildConfiguration;
			buildSettings = {
				ALWAYS_SEARCH_USER_PATHS = NO;
				CLANG_ANALYZER_NONNULL = YES;
				CLANG_ANALYZER_NUMBER_OBJECT_CONVERSION = YES_AGGRESSIVE;
				CLANG_CXX_LANGUAGE_STANDARD = "gnu++20";
				CLANG_ENABLE_MODULES = YES;
				CLANG_ENABLE_OBJC_ARC = YES;
				CLANG_ENABLE_OBJC_WEAK = YES;
				CLANG_WARN_BLOCK_CAPTURE_AUTORELEASING = YES;
				CLANG_WARN_BOOL_CONVERSION = YES;
				CLANG_WARN_COMMA = YES;
				CLANG_WARN_CONSTANT_CONVERSION = YES;
				CLANG_WARN_DEPRECATED_OBJC_IMPLEMENTATIONS = YES;
				CLANG_WARN_DIRECT_OBJC_ISA_USAGE = YES_ERROR;
				CLANG_WARN_DOCUMENTATION_COMMENTS = YES;
				CLANG_WARN_EMPTY_BODY = YES;
				CLANG_WARN_ENUM_CONVERSION = YES;
				CLANG_WARN_INFINITE_RECURSION = YES;
				CLANG_WARN_INT_CONVERSION = YES;
				CLANG_WARN_NON_LITERAL_NULL_CONVERSION = YES;
				CLANG_WARN_OBJC_IMPLICIT_RETAIN_SELF = YES;
				CLANG_WARN_OBJC_LITERAL_CONVERSION = YES;
				CLANG_WARN_OBJC_ROOT_CLASS = YES_ERROR;
				CLANG_WARN_QUOTED_INCLUDE_IN_FRAMEWORK_HEADER = YES;
				CLANG_WARN_RANGE_LOOP_ANALYSIS = YES;
				CLANG_WARN_STRICT_PROTOTYPES = YES;
				CLANG_WARN_SUSPICIOUS_MOVE = YES;
				CLANG_WARN_UNGUARDED_AVAILABILITY = YES_AGGRESSIVE;
				CLANG_WARN_UNREACHABLE_CODE = YES;
				CLANG_WARN__DUPLICATE_METHOD_MATCH = YES;
				COPY_PHASE_STRIP = NO;
				DEBUG_INFORMATION_FORMAT = dwarf;
				ENABLE_STRICT_OBJC_MSGSEND = YES;
				ENABLE_TESTABILITY = YES;
				GCC_C_LANGUAGE_STANDARD = gnu11;
				GCC_DYNAMIC_NO_PIC = NO;
				GCC_NO_COMMON_BLOCKS = YES;
				GCC_OPTIMIZATION_LEVEL = 0;
				GCC_PREPROCESSOR_DEFINITIONS = (
					"DEBUG=1",
					"$(inherited)",
				);
				GCC_WARN_64_TO_32_BIT_CONVERSION = YES;
				GCC_WARN_ABOUT_RETURN_TYPE = YES_ERROR;
				GCC_WARN_UNDECLARED_SELECTOR = YES;
				GCC_WARN_UNINITIALIZED_AUTOS = YES_AGGRESSIVE;
				GCC_WARN_UNUSED_FUNCTION = YES;
				GCC_WARN_UNUSED_VARIABLE = YES;
				IPHONEOS_DEPLOYMENT_TARGET = 16.1;
				MTL_ENABLE_DEBUG_INFO = INCLUDE_SOURCE;
				MTL_FAST_MATH = YES;
				ONLY_ACTIVE_ARCH = YES;
				SDKROOT = iphoneos;
				SWIFT_ACTIVE_COMPILATION_CONDITIONS = DEBUG;
				SWIFT_OPTIMIZATION_LEVEL = "-Onone";
			};
			name = Debug;
		};
		43B4B5C12920660500E827E3 /* Release */ = {
			isa = XCBuildConfiguration;
			buildSettings = {
				ALWAYS_SEARCH_USER_PATHS = NO;
				CLANG_ANALYZER_NONNULL = YES;
				CLANG_ANALYZER_NUMBER_OBJECT_CONVERSION = YES_AGGRESSIVE;
				CLANG_CXX_LANGUAGE_STANDARD = "gnu++20";
				CLANG_ENABLE_MODULES = YES;
				CLANG_ENABLE_OBJC_ARC = YES;
				CLANG_ENABLE_OBJC_WEAK = YES;
				CLANG_WARN_BLOCK_CAPTURE_AUTORELEASING = YES;
				CLANG_WARN_BOOL_CONVERSION = YES;
				CLANG_WARN_COMMA = YES;
				CLANG_WARN_CONSTANT_CONVERSION = YES;
				CLANG_WARN_DEPRECATED_OBJC_IMPLEMENTATIONS = YES;
				CLANG_WARN_DIRECT_OBJC_ISA_USAGE = YES_ERROR;
				CLANG_WARN_DOCUMENTATION_COMMENTS = YES;
				CLANG_WARN_EMPTY_BODY = YES;
				CLANG_WARN_ENUM_CONVERSION = YES;
				CLANG_WARN_INFINITE_RECURSION = YES;
				CLANG_WARN_INT_CONVERSION = YES;
				CLANG_WARN_NON_LITERAL_NULL_CONVERSION = YES;
				CLANG_WARN_OBJC_IMPLICIT_RETAIN_SELF = YES;
				CLANG_WARN_OBJC_LITERAL_CONVERSION = YES;
				CLANG_WARN_OBJC_ROOT_CLASS = YES_ERROR;
				CLANG_WARN_QUOTED_INCLUDE_IN_FRAMEWORK_HEADER = YES;
				CLANG_WARN_RANGE_LOOP_ANALYSIS = YES;
				CLANG_WARN_STRICT_PROTOTYPES = YES;
				CLANG_WARN_SUSPICIOUS_MOVE = YES;
				CLANG_WARN_UNGUARDED_AVAILABILITY = YES_AGGRESSIVE;
				CLANG_WARN_UNREACHABLE_CODE = YES;
				CLANG_WARN__DUPLICATE_METHOD_MATCH = YES;
				COPY_PHASE_STRIP = NO;
				DEBUG_INFORMATION_FORMAT = "dwarf-with-dsym";
				ENABLE_NS_ASSERTIONS = NO;
				ENABLE_STRICT_OBJC_MSGSEND = YES;
				GCC_C_LANGUAGE_STANDARD = gnu11;
				GCC_NO_COMMON_BLOCKS = YES;
				GCC_WARN_64_TO_32_BIT_CONVERSION = YES;
				GCC_WARN_ABOUT_RETURN_TYPE = YES_ERROR;
				GCC_WARN_UNDECLARED_SELECTOR = YES;
				GCC_WARN_UNINITIALIZED_AUTOS = YES_AGGRESSIVE;
				GCC_WARN_UNUSED_FUNCTION = YES;
				GCC_WARN_UNUSED_VARIABLE = YES;
				IPHONEOS_DEPLOYMENT_TARGET = 16.1;
				MTL_ENABLE_DEBUG_INFO = NO;
				MTL_FAST_MATH = YES;
				SDKROOT = iphoneos;
				SWIFT_COMPILATION_MODE = wholemodule;
				SWIFT_OPTIMIZATION_LEVEL = "-O";
				VALIDATE_PRODUCT = YES;
			};
			name = Release;
		};
		43B4B5C32920660500E827E3 /* Debug */ = {
			isa = XCBuildConfiguration;
			buildSettings = {
				ASSETCATALOG_COMPILER_APPICON_NAME = AppIcon;
				ASSETCATALOG_COMPILER_GLOBAL_ACCENT_COLOR_NAME = AccentColor;
				CODE_SIGN_STYLE = Automatic;
				CURRENT_PROJECT_VERSION = 1;
				DEVELOPMENT_ASSET_PATHS = "\"FiendFace/Preview Content\"";
				ENABLE_PREVIEWS = YES;
				GENERATE_INFOPLIST_FILE = YES;
				INFOPLIST_KEY_UIApplicationSceneManifest_Generation = YES;
				INFOPLIST_KEY_UIApplicationSupportsIndirectInputEvents = YES;
				INFOPLIST_KEY_UILaunchScreen_Generation = YES;
				INFOPLIST_KEY_UISupportedInterfaceOrientations_iPad = "UIInterfaceOrientationPortrait UIInterfaceOrientationPortraitUpsideDown UIInterfaceOrientationLandscapeLeft UIInterfaceOrientationLandscapeRight";
				INFOPLIST_KEY_UISupportedInterfaceOrientations_iPhone = "UIInterfaceOrientationPortrait UIInterfaceOrientationLandscapeLeft UIInterfaceOrientationLandscapeRight";
				LD_RUNPATH_SEARCH_PATHS = (
					"$(inherited)",
					"@executable_path/Frameworks",
				);
				MARKETING_VERSION = 1.0;
				PRODUCT_BUNDLE_IDENTIFIER = bogdanorzea.com.FiendFace;
				PRODUCT_NAME = "$(TARGET_NAME)";
				SWIFT_EMIT_LOC_STRINGS = YES;
				SWIFT_VERSION = 5.0;
				TARGETED_DEVICE_FAMILY = "1,2";
			};
			name = Debug;
		};
		43B4B5C42920660500E827E3 /* Release */ = {
			isa = XCBuildConfiguration;
			buildSettings = {
				ASSETCATALOG_COMPILER_APPICON_NAME = AppIcon;
				ASSETCATALOG_COMPILER_GLOBAL_ACCENT_COLOR_NAME = AccentColor;
				CODE_SIGN_STYLE = Automatic;
				CURRENT_PROJECT_VERSION = 1;
				DEVELOPMENT_ASSET_PATHS = "\"FiendFace/Preview Content\"";
				ENABLE_PREVIEWS = YES;
				GENERATE_INFOPLIST_FILE = YES;
				INFOPLIST_KEY_UIApplicationSceneManifest_Generation = YES;
				INFOPLIST_KEY_UIApplicationSupportsIndirectInputEvents = YES;
				INFOPLIST_KEY_UILaunchScreen_Generation = YES;
				INFOPLIST_KEY_UISupportedInterfaceOrientations_iPad = "UIInterfaceOrientationPortrait UIInterfaceOrientationPortraitUpsideDown UIInterfaceOrientationLandscapeLeft UIInterfaceOrientationLandscapeRight";
				INFOPLIST_KEY_UISupportedInterfaceOrientations_iPhone = "UIInterfaceOrientationPortrait UIInterfaceOrientationLandscapeLeft UIInterfaceOrientationLandscapeRight";
				LD_RUNPATH_SEARCH_PATHS = (
					"$(inherited)",
					"@executable_path/Frameworks",
				);
				MARKETING_VERSION = 1.0;
				PRODUCT_BUNDLE_IDENTIFIER = bogdanorzea.com.FiendFace;
				PRODUCT_NAME = "$(TARGET_NAME)";
				SWIFT_EMIT_LOC_STRINGS = YES;
				SWIFT_VERSION = 5.0;
				TARGETED_DEVICE_FAMILY = "1,2";
			};
			name = Release;
		};
/* End XCBuildConfiguration section */

/* Begin XCConfigurationList section */
		43B4B5AF2920660400E827E3 /* Build configuration list for PBXProject "FiendFace" */ = {
			isa = XCConfigurationList;
			buildConfigurations = (
				43B4B5C02920660500E827E3 /* Debug */,
				43B4B5C12920660500E827E3 /* Release */,
			);
			defaultConfigurationIsVisible = 0;
			defaultConfigurationName = Release;
		};
		43B4B5C22920660500E827E3 /* Build configuration list for PBXNativeTarget "FiendFace" */ = {
			isa = XCConfigurationList;
			buildConfigurations = (
				43B4B5C32920660500E827E3 /* Debug */,
				43B4B5C42920660500E827E3 /* Release */,
			);
			defaultConfigurationIsVisible = 0;
			defaultConfigurationName = Release;
		};
/* End XCConfigurationList section */

/* Begin XCVersionGroup section */
		4325580229247F1700BD7123 /* Cache.xcdatamodeld */ = {
			isa = XCVersionGroup;
			children = (
				4325580329247F1700BD7123 /* Model.xcdatamodel */,
			);
			currentVersion = 4325580329247F1700BD7123 /* Model.xcdatamodel */;
			path = Cache.xcdatamodeld;
			sourceTree = "<group>";
			versionGroupType = wrapper.xcdatamodel;
		};
/* End XCVersionGroup section */
	};
	rootObject = 43B4B5AC2920660400E827E3 /* Project object */;
}
